{
  "format": 1,
  "packages": [
    {
      "commit": "aeaac6eeb1ac84c1bc4439d9aae5267ef9832ef0",
      "dependencies": {},
      "id": "p0d047aae8cb8cecb",
      "name": "liboqs",
      "ref": "main",
      "source": true,
      "url": "https://github.com/open-quantum-safe/liboqs.git"
    },
    {
      "commit": "5cc7677b290f0448462410f7c7e85f518664b943",
      "dependencies": {"liboqs": "p0d047aae8cb8cecb"},
      "id": "p55635fc8976895a9",
      "name": "Oqs",
      "ref": "master",
      "url": "https://github.com/ziranlang/oqs.git"
    }
  ],
  "root": {
    "dependencies": {"oqs": "p55635fc8976895a9"},
    "name": "DaochiClient"
  },
  "toolchain": {
    "commit": "28f72a507fdd28cd87feb12e1090e11d2d8b16d9",
    "ref": "master",
    "url": "https://github.com/ziranlang/ziran.git"
  }
}
